
Microsoft Visual Studio Solution File, Format Version 12.00
# Visual Studio Version 17
VisualStudioVersion = 17.13.35931.197
MinimumVisualStudioVersion = 10.0.40219.1
Project("{FAE04EC0-301F-11D3-BF4B-00C04F79EFBC}") = "word_replace", "word_replace.csproj", "{C92A6109-0D8B-4CF0-8437-63DB2AFE5075}"
EndProject
Project("{2150E333-8FDC-42A3-9474-1A3956D46DE8}") = "Common", "Common", "{02EA681E-C7D8-13C7-8484-4AC65E1B71E8}"
EndProject
Project("{FAE04EC0-301F-11D3-BF4B-00C04F79EFBC}") = "Language", "Language\Language.csproj", "{0C7BA3F4-BB2B-4F8C-95EF-BFBA78DD0446}"
EndProject
Global
	GlobalSection(SolutionConfigurationPlatforms) = preSolution
		Debug|Any CPU = Debug|Any CPU
		Debug|x64 = Debug|x64
		Release|Any CPU = Release|Any CPU
		Release|x64 = Release|x64
	EndGlobalSection
	GlobalSection(ProjectConfigurationPlatforms) = postSolution
		{C92A6109-0D8B-4CF0-8437-63DB2AFE5075}.Debug|Any CPU.ActiveCfg = Debug|Any CPU
		{C92A6109-0D8B-4CF0-8437-63DB2AFE5075}.Debug|Any CPU.Build.0 = Debug|Any CPU
		{C92A6109-0D8B-4CF0-8437-63DB2AFE5075}.Debug|x64.ActiveCfg = Debug|x64
		{C92A6109-0D8B-4CF0-8437-63DB2AFE5075}.Debug|x64.Build.0 = Debug|x64
		{C92A6109-0D8B-4CF0-8437-63DB2AFE5075}.Release|Any CPU.ActiveCfg = Release|Any CPU
		{C92A6109-0D8B-4CF0-8437-63DB2AFE5075}.Release|Any CPU.Build.0 = Release|Any CPU
		{C92A6109-0D8B-4CF0-8437-63DB2AFE5075}.Release|x64.ActiveCfg = Release|x64
		{C92A6109-0D8B-4CF0-8437-63DB2AFE5075}.Release|x64.Build.0 = Release|x64
		{0C7BA3F4-BB2B-4F8C-95EF-BFBA78DD0446}.Debug|Any CPU.ActiveCfg = Debug|Any CPU
		{0C7BA3F4-BB2B-4F8C-95EF-BFBA78DD0446}.Debug|Any CPU.Build.0 = Debug|Any CPU
		{0C7BA3F4-BB2B-4F8C-95EF-BFBA78DD0446}.Debug|x64.ActiveCfg = Debug|x64
		{0C7BA3F4-BB2B-4F8C-95EF-BFBA78DD0446}.Debug|x64.Build.0 = Debug|x64
		{0C7BA3F4-BB2B-4F8C-95EF-BFBA78DD0446}.Release|Any CPU.ActiveCfg = Release|Any CPU
		{0C7BA3F4-BB2B-4F8C-95EF-BFBA78DD0446}.Release|Any CPU.Build.0 = Release|Any CPU
		{0C7BA3F4-BB2B-4F8C-95EF-BFBA78DD0446}.Release|x64.ActiveCfg = Release|x64
		{0C7BA3F4-BB2B-4F8C-95EF-BFBA78DD0446}.Release|x64.Build.0 = Release|x64
	EndGlobalSection
	GlobalSection(SolutionProperties) = preSolution
		HideSolutionNode = FALSE
	EndGlobalSection
	GlobalSection(NestedProjects) = preSolution
		{0C7BA3F4-BB2B-4F8C-95EF-BFBA78DD0446} = {02EA681E-C7D8-13C7-8484-4AC65E1B71E8}
	EndGlobalSection
	GlobalSection(ExtensibilityGlobals) = postSolution
		SolutionGuid = {749A8FB2-66F2-47B7-B7A0-C068B073AD54}
	EndGlobalSection
EndGlobal
